
Microsoft Visual Studio Solution File, Format Version 12.00
# Visual Studio Version 17
VisualStudioVersion = 17.6.33723.286
MinimumVisualStudioVersion = 10.0.40219.1
Project("{FAE04EC0-301F-11D3-BF4B-00C04F79EFBC}") = "API1", "API1\API1.csproj", "{3DFB8A2A-77D8-4C64-82E9-64E892CC8FFC}"
EndProject
Global
	GlobalSection(SolutionConfigurationPlatforms) = preSolution
		Debug|Any CPU = Debug|Any CPU
		Release|Any CPU = Release|Any CPU
	EndGlobalSection
	GlobalSection(ProjectConfigurationPlatforms) = postSolution
		{3DFB8A2A-77D8-4C64-82E9-64E892CC8FFC}.Debug|Any CPU.ActiveCfg = Debug|Any CPU
		{3DFB8A2A-77D8-4C64-82E9-64E892CC8FFC}.Debug|Any CPU.Build.0 = Debug|Any CPU
		{3DFB8A2A-77D8-4C64-82E9-64E892CC8FFC}.Release|Any CPU.ActiveCfg = Release|Any CPU
		{3DFB8A2A-77D8-4C64-82E9-64E892CC8FFC}.Release|Any CPU.Build.0 = Release|Any CPU
	EndGlobalSection
	GlobalSection(SolutionProperties) = preSolution
		HideSolutionNode = FALSE
	EndGlobalSection
	GlobalSection(ExtensibilityGlobals) = postSolution
		SolutionGuid = {738AA187-637C-4120-9C0F-A8DB4FE70F9A}
	EndGlobalSection
EndGlobal
